
Microsoft Visual Studio Solution File, Format Version 12.00
# Visual Studio Version 17
VisualStudioVersion = 17.9.34607.119
MinimumVisualStudioVersion = 10.0.40219.1
Project("{FAE04EC0-301F-11D3-BF4B-00C04F79EFBC}") = "ModernUiSoftware", "ModernUiSoftware\ModernUiSoftware.csproj", "{D8EAF4BD-2C86-47C9-8926-C31C815A6B87}"
EndProject
Project("{54435603-DBB4-11D2-8724-00A0C9A8B90C}") = "ModernUiSoftwareSetup", "ModernUiSoftwareSetup\ModernUiSoftwareSetup.vdproj", "{B79C798E-0C25-4981-9839-757D82825A46}"
EndProject
Global
	GlobalSection(SolutionConfigurationPlatforms) = preSolution
		Debug|Any CPU = Debug|Any CPU
		Release|Any CPU = Release|Any CPU
	EndGlobalSection
	GlobalSection(ProjectConfigurationPlatforms) = postSolution
		{D8EAF4BD-2C86-47C9-8926-C31C815A6B87}.Debug|Any CPU.ActiveCfg = Debug|Any CPU
		{D8EAF4BD-2C86-47C9-8926-C31C815A6B87}.Debug|Any CPU.Build.0 = Debug|Any CPU
		{D8EAF4BD-2C86-47C9-8926-C31C815A6B87}.Release|Any CPU.ActiveCfg = Release|Any CPU
		{D8EAF4BD-2C86-47C9-8926-C31C815A6B87}.Release|Any CPU.Build.0 = Release|Any CPU
		{B79C798E-0C25-4981-9839-757D82825A46}.Debug|Any CPU.ActiveCfg = Debug
		{B79C798E-0C25-4981-9839-757D82825A46}.Release|Any CPU.ActiveCfg = Release
	EndGlobalSection
	GlobalSection(SolutionProperties) = preSolution
		HideSolutionNode = FALSE
	EndGlobalSection
	GlobalSection(ExtensibilityGlobals) = postSolution
		SolutionGuid = {287BE0F7-FD4F-472E-AD7A-C4656DE7E308}
	EndGlobalSection
EndGlobal
